// !$*UTF8*$!
{
	archiveVersion = 1;
	classes = {
	};
	objectVersion = 50;
	objects = {

/* Begin PBXBuildFile section */
		024B1F602319B01D00E3C527 /* ModelController.swift in Sources */ = {isa = PBXBuildFile; fileRef = 024B1F5F2319B01D00E3C527 /* ModelController.swift */; };
		024B1F662319BA2D00E3C527 /* Ping.xcdatamodeld in Sources */ = {isa = PBXBuildFile; fileRef = 024B1F642319BA2D00E3C527 /* Ping.xcdatamodeld */; };
		024B1F6B2319BC6700E3C527 /* Campainha+CoreDataClass.swift in Sources */ = {isa = PBXBuildFile; fileRef = 024B1F672319BC6700E3C527 /* Campainha+CoreDataClass.swift */; };
		024B1F6C2319BC6700E3C527 /* Campainha+CoreDataProperties.swift in Sources */ = {isa = PBXBuildFile; fileRef = 024B1F682319BC6700E3C527 /* Campainha+CoreDataProperties.swift */; };
		024B1F6D2319BC6700E3C527 /* Usuario+CoreDataClass.swift in Sources */ = {isa = PBXBuildFile; fileRef = 024B1F692319BC6700E3C527 /* Usuario+CoreDataClass.swift */; };
		024B1F6E2319BC6700E3C527 /* Usuario+CoreDataProperties.swift in Sources */ = {isa = PBXBuildFile; fileRef = 024B1F6A2319BC6700E3C527 /* Usuario+CoreDataProperties.swift */; };
		024B1F702319C20100E3C527 /* ModelActionAnswer.swift in Sources */ = {isa = PBXBuildFile; fileRef = 024B1F6F2319C20100E3C527 /* ModelActionAnswer.swift */; };
		024B1F732319C37B00E3C527 /* Localizable.strings in Resources */ = {isa = PBXBuildFile; fileRef = 024B1F752319C37B00E3C527 /* Localizable.strings */; };
		024B1F772319C47D00E3C527 /* LocalizedStringExtension.swift in Sources */ = {isa = PBXBuildFile; fileRef = 024B1F762319C47C00E3C527 /* LocalizedStringExtension.swift */; };
		02B2F3322316E9DE00140BE8 /* AppDelegate.swift in Sources */ = {isa = PBXBuildFile; fileRef = 02B2F3312316E9DE00140BE8 /* AppDelegate.swift */; };
		02B2F3342316E9DE00140BE8 /* MainViewController.swift in Sources */ = {isa = PBXBuildFile; fileRef = 02B2F3332316E9DE00140BE8 /* MainViewController.swift */; };
		02B2F3372316E9DE00140BE8 /* Main.storyboard in Resources */ = {isa = PBXBuildFile; fileRef = 02B2F3352316E9DE00140BE8 /* Main.storyboard */; };
		02B2F3392316E9E100140BE8 /* Assets.xcassets in Resources */ = {isa = PBXBuildFile; fileRef = 02B2F3382316E9E100140BE8 /* Assets.xcassets */; };
		02B2F33C2316E9E100140BE8 /* LaunchScreen.storyboard in Resources */ = {isa = PBXBuildFile; fileRef = 02B2F33A2316E9E100140BE8 /* LaunchScreen.storyboard */; };
		02B2F3492316EA3300140BE8 /* Edicao.storyboard in Resources */ = {isa = PBXBuildFile; fileRef = 02B2F3482316EA3300140BE8 /* Edicao.storyboard */; };
		02B2F356231712ED00140BE8 /* SwitchTableViewCell.swift in Sources */ = {isa = PBXBuildFile; fileRef = 02B2F354231712ED00140BE8 /* SwitchTableViewCell.swift */; };
		02B2F357231712ED00140BE8 /* SwitchTableViewCell.xib in Resources */ = {isa = PBXBuildFile; fileRef = 02B2F355231712ED00140BE8 /* SwitchTableViewCell.xib */; };
		02B2F35D23171CE700140BE8 /* ButtonTableViewCell.swift in Sources */ = {isa = PBXBuildFile; fileRef = 02B2F35C23171CE700140BE8 /* ButtonTableViewCell.swift */; };
		02B2F35F23171D0200140BE8 /* ButtonTableViewCell.xib in Resources */ = {isa = PBXBuildFile; fileRef = 02B2F35E23171D0200140BE8 /* ButtonTableViewCell.xib */; };
		02B2F36223171FDD00140BE8 /* TextTableViewCell.swift in Sources */ = {isa = PBXBuildFile; fileRef = 02B2F36023171FDD00140BE8 /* TextTableViewCell.swift */; };
		02B2F36323171FDD00140BE8 /* TextTableViewCell.xib in Resources */ = {isa = PBXBuildFile; fileRef = 02B2F36123171FDD00140BE8 /* TextTableViewCell.xib */; };
/* End PBXBuildFile section */

/* Begin PBXFileReference section */
		024B1F5F2319B01D00E3C527 /* ModelController.swift */ = {isa = PBXFileReference; lastKnownFileType = sourcecode.swift; path = ModelController.swift; sourceTree = "<group>"; };
		024B1F652319BA2D00E3C527 /* Ping.xcdatamodel */ = {isa = PBXFileReference; lastKnownFileType = wrapper.xcdatamodel; path = Ping.xcdatamodel; sourceTree = "<group>"; };
		024B1F672319BC6700E3C527 /* Campainha+CoreDataClass.swift */ = {isa = PBXFileReference; lastKnownFileType = sourcecode.swift; path = "Campainha+CoreDataClass.swift"; sourceTree = "<group>"; };
		024B1F682319BC6700E3C527 /* Campainha+CoreDataProperties.swift */ = {isa = PBXFileReference; lastKnownFileType = sourcecode.swift; path = "Campainha+CoreDataProperties.swift"; sourceTree = "<group>"; };
		024B1F692319BC6700E3C527 /* Usuario+CoreDataClass.swift */ = {isa = PBXFileReference; lastKnownFileType = sourcecode.swift; path = "Usuario+CoreDataClass.swift"; sourceTree = "<group>"; };
		024B1F6A2319BC6700E3C527 /* Usuario+CoreDataProperties.swift */ = {isa = PBXFileReference; lastKnownFileType = sourcecode.swift; path = "Usuario+CoreDataProperties.swift"; sourceTree = "<group>"; };
		024B1F6F2319C20100E3C527 /* ModelActionAnswer.swift */ = {isa = PBXFileReference; lastKnownFileType = sourcecode.swift; path = ModelActionAnswer.swift; sourceTree = "<group>"; };
		024B1F742319C37B00E3C527 /* en */ = {isa = PBXFileReference; lastKnownFileType = text.plist.strings; name = en; path = en.lproj/Localizable.strings; sourceTree = "<group>"; };
		024B1F762319C47C00E3C527 /* LocalizedStringExtension.swift */ = {isa = PBXFileReference; lastKnownFileType = sourcecode.swift; path = LocalizedStringExtension.swift; sourceTree = "<group>"; };
		02B2F32E2316E9DE00140BE8 /* Ping.app */ = {isa = PBXFileReference; explicitFileType = wrapper.application; includeInIndex = 0; path = Ping.app; sourceTree = BUILT_PRODUCTS_DIR; };
		02B2F3312316E9DE00140BE8 /* AppDelegate.swift */ = {isa = PBXFileReference; lastKnownFileType = sourcecode.swift; path = AppDelegate.swift; sourceTree = "<group>"; };
		02B2F3332316E9DE00140BE8 /* MainViewController.swift */ = {isa = PBXFileReference; lastKnownFileType = sourcecode.swift; path = MainViewController.swift; sourceTree = "<group>"; };
		02B2F3362316E9DE00140BE8 /* Base */ = {isa = PBXFileReference; lastKnownFileType = file.storyboard; name = Base; path = Base.lproj/Main.storyboard; sourceTree = "<group>"; };
		02B2F3382316E9E100140BE8 /* Assets.xcassets */ = {isa = PBXFileReference; lastKnownFileType = folder.assetcatalog; path = Assets.xcassets; sourceTree = "<group>"; };
		02B2F33B2316E9E100140BE8 /* Base */ = {isa = PBXFileReference; lastKnownFileType = file.storyboard; name = Base; path = Base.lproj/LaunchScreen.storyboard; sourceTree = "<group>"; };
		02B2F33D2316E9E100140BE8 /* Info.plist */ = {isa = PBXFileReference; lastKnownFileType = text.plist.xml; path = Info.plist; sourceTree = "<group>"; };
		02B2F3482316EA3300140BE8 /* Edicao.storyboard */ = {isa = PBXFileReference; lastKnownFileType = file.storyboard; path = Edicao.storyboard; sourceTree = "<group>"; };
		02B2F354231712ED00140BE8 /* SwitchTableViewCell.swift */ = {isa = PBXFileReference; lastKnownFileType = sourcecode.swift; path = SwitchTableViewCell.swift; sourceTree = "<group>"; };
		02B2F355231712ED00140BE8 /* SwitchTableViewCell.xib */ = {isa = PBXFileReference; lastKnownFileType = file.xib; path = SwitchTableViewCell.xib; sourceTree = "<group>"; };
		02B2F35C23171CE700140BE8 /* ButtonTableViewCell.swift */ = {isa = PBXFileReference; lastKnownFileType = sourcecode.swift; path = ButtonTableViewCell.swift; sourceTree = "<group>"; };
		02B2F35E23171D0200140BE8 /* ButtonTableViewCell.xib */ = {isa = PBXFileReference; lastKnownFileType = file.xib; path = ButtonTableViewCell.xib; sourceTree = "<group>"; };
		02B2F36023171FDD00140BE8 /* TextTableViewCell.swift */ = {isa = PBXFileReference; lastKnownFileType = sourcecode.swift; path = TextTableViewCell.swift; sourceTree = "<group>"; };
		02B2F36123171FDD00140BE8 /* TextTableViewCell.xib */ = {isa = PBXFileReference; lastKnownFileType = file.xib; path = TextTableViewCell.xib; sourceTree = "<group>"; };
/* End PBXFileReference section */

/* Begin PBXFrameworksBuildPhase section */
		02B2F32B2316E9DE00140BE8 /* Frameworks */ = {
			isa = PBXFrameworksBuildPhase;
			buildActionMask = 2147483647;
			files = (
			);
			runOnlyForDeploymentPostprocessing = 0;
		};
/* End PBXFrameworksBuildPhase section */

/* Begin PBXGroup section */
		024B1F5E2319AFE100E3C527 /* Model */ = {
			isa = PBXGroup;
			children = (
				024B1F5F2319B01D00E3C527 /* ModelController.swift */,
				024B1F6F2319C20100E3C527 /* ModelActionAnswer.swift */,
				024B1F672319BC6700E3C527 /* Campainha+CoreDataClass.swift */,
				024B1F682319BC6700E3C527 /* Campainha+CoreDataProperties.swift */,
				024B1F692319BC6700E3C527 /* Usuario+CoreDataClass.swift */,
				024B1F6A2319BC6700E3C527 /* Usuario+CoreDataProperties.swift */,
				024B1F642319BA2D00E3C527 /* Ping.xcdatamodeld */,
				024B1F752319C37B00E3C527 /* Localizable.strings */,
				024B1F762319C47C00E3C527 /* LocalizedStringExtension.swift */,
			);
			path = Model;
			sourceTree = "<group>";
		};
		02B2F3252316E9DE00140BE8 = {
			isa = PBXGroup;
			children = (
				02B2F3302316E9DE00140BE8 /* Ping */,
				02B2F32F2316E9DE00140BE8 /* Products */,
			);
			sourceTree = "<group>";
		};
		02B2F32F2316E9DE00140BE8 /* Products */ = {
			isa = PBXGroup;
			children = (
				02B2F32E2316E9DE00140BE8 /* Ping.app */,
			);
			name = Products;
			sourceTree = "<group>";
		};
		02B2F3302316E9DE00140BE8 /* Ping */ = {
			isa = PBXGroup;
			children = (
				024B1F5E2319AFE100E3C527 /* Model */,
				02B2F3452316E9FB00140BE8 /* View */,
				02B2F3432316E9E900140BE8 /* Controllers */,
				02B2F3312316E9DE00140BE8 /* AppDelegate.swift */,
				02B2F3382316E9E100140BE8 /* Assets.xcassets */,
				02B2F33A2316E9E100140BE8 /* LaunchScreen.storyboard */,
				02B2F33D2316E9E100140BE8 /* Info.plist */,
			);
			path = Ping;
			sourceTree = "<group>";
		};
		02B2F3432316E9E900140BE8 /* Controllers */ = {
			isa = PBXGroup;
			children = (
				02B2F3332316E9DE00140BE8 /* MainViewController.swift */,
			);
			path = Controllers;
			sourceTree = "<group>";
		};
		02B2F3452316E9FB00140BE8 /* View */ = {
			isa = PBXGroup;
			children = (
				02B2F34F231711F400140BE8 /* TableViewCell */,
				02B2F3352316E9DE00140BE8 /* Main.storyboard */,
				02B2F3482316EA3300140BE8 /* Edicao.storyboard */,
			);
			path = View;
			sourceTree = "<group>";
		};
		02B2F34F231711F400140BE8 /* TableViewCell */ = {
			isa = PBXGroup;
			children = (
				02B2F354231712ED00140BE8 /* SwitchTableViewCell.swift */,
				02B2F355231712ED00140BE8 /* SwitchTableViewCell.xib */,
				02B2F35C23171CE700140BE8 /* ButtonTableViewCell.swift */,
				02B2F35E23171D0200140BE8 /* ButtonTableViewCell.xib */,
				02B2F36023171FDD00140BE8 /* TextTableViewCell.swift */,
				02B2F36123171FDD00140BE8 /* TextTableViewCell.xib */,
			);
			path = TableViewCell;
			sourceTree = "<group>";
		};
/* End PBXGroup section */

/* Begin PBXNativeTarget section */
		02B2F32D2316E9DE00140BE8 /* Ping */ = {
			isa = PBXNativeTarget;
			buildConfigurationList = 02B2F3402316E9E100140BE8 /* Build configuration list for PBXNativeTarget "Ping" */;
			buildPhases = (
				02B2F32A2316E9DE00140BE8 /* Sources */,
				02B2F32B2316E9DE00140BE8 /* Frameworks */,
				02B2F32C2316E9DE00140BE8 /* Resources */,
				02B2F34E231708CC00140BE8 /* Swift Lint */,
			);
			buildRules = (
			);
			dependencies = (
			);
			name = Ping;
			productName = Ping;
			productReference = 02B2F32E2316E9DE00140BE8 /* Ping.app */;
			productType = "com.apple.product-type.application";
		};
/* End PBXNativeTarget section */

/* Begin PBXProject section */
		02B2F3262316E9DE00140BE8 /* Project object */ = {
			isa = PBXProject;
			attributes = {
				LastSwiftUpdateCheck = 1030;
				LastUpgradeCheck = 1030;
				ORGANIZATIONNAME = "Pedro Giuliano Farina";
				TargetAttributes = {
					02B2F32D2316E9DE00140BE8 = {
						CreatedOnToolsVersion = 10.3;
					};
				};
			};
			buildConfigurationList = 02B2F3292316E9DE00140BE8 /* Build configuration list for PBXProject "Ping" */;
			compatibilityVersion = "Xcode 9.3";
			developmentRegion = en;
			hasScannedForEncodings = 0;
			knownRegions = (
				en,
				Base,
			);
			mainGroup = 02B2F3252316E9DE00140BE8;
			productRefGroup = 02B2F32F2316E9DE00140BE8 /* Products */;
			projectDirPath = "";
			projectRoot = "";
			targets = (
				02B2F32D2316E9DE00140BE8 /* Ping */,
			);
		};
/* End PBXProject section */

/* Begin PBXResourcesBuildPhase section */
		02B2F32C2316E9DE00140BE8 /* Resources */ = {
			isa = PBXResourcesBuildPhase;
			buildActionMask = 2147483647;
			files = (
				02B2F3492316EA3300140BE8 /* Edicao.storyboard in Resources */,
				02B2F33C2316E9E100140BE8 /* LaunchScreen.storyboard in Resources */,
				02B2F35F23171D0200140BE8 /* ButtonTableViewCell.xib in Resources */,
				02B2F357231712ED00140BE8 /* SwitchTableViewCell.xib in Resources */,
				02B2F3392316E9E100140BE8 /* Assets.xcassets in Resources */,
				024B1F732319C37B00E3C527 /* Localizable.strings in Resources */,
				02B2F36323171FDD00140BE8 /* TextTableViewCell.xib in Resources */,
				02B2F3372316E9DE00140BE8 /* Main.storyboard in Resources */,
			);
			runOnlyForDeploymentPostprocessing = 0;
		};
/* End PBXResourcesBuildPhase section */

/* Begin PBXShellScriptBuildPhase section */
		02B2F34E231708CC00140BE8 /* Swift Lint */ = {
			isa = PBXShellScriptBuildPhase;
			buildActionMask = 2147483647;
			files = (
			);
			inputFileListPaths = (
			);
			inputPaths = (
			);
			name = "Swift Lint";
			outputFileListPaths = (
			);
			outputPaths = (
			);
			runOnlyForDeploymentPostprocessing = 0;
			shellPath = /bin/sh;
			shellScript = "if which swiftlint >/dev/null; then\nswiftlint\nelse\necho \"warning: SwiftLint not installed, download from https://github.com/realm/SwiftLint\"\nfi\n";
		};
/* End PBXShellScriptBuildPhase section */

/* Begin PBXSourcesBuildPhase section */
		02B2F32A2316E9DE00140BE8 /* Sources */ = {
			isa = PBXSourcesBuildPhase;
			buildActionMask = 2147483647;
			files = (
				02B2F3342316E9DE00140BE8 /* MainViewController.swift in Sources */,
				024B1F772319C47D00E3C527 /* LocalizedStringExtension.swift in Sources */,
				02B2F3322316E9DE00140BE8 /* AppDelegate.swift in Sources */,
				024B1F662319BA2D00E3C527 /* Ping.xcdatamodeld in Sources */,
				02B2F356231712ED00140BE8 /* SwitchTableViewCell.swift in Sources */,
				024B1F6C2319BC6700E3C527 /* Campainha+CoreDataProperties.swift in Sources */,
				024B1F602319B01D00E3C527 /* ModelController.swift in Sources */,
				024B1F6E2319BC6700E3C527 /* Usuario+CoreDataProperties.swift in Sources */,
				024B1F6D2319BC6700E3C527 /* Usuario+CoreDataClass.swift in Sources */,
				02B2F35D23171CE700140BE8 /* ButtonTableViewCell.swift in Sources */,
				024B1F702319C20100E3C527 /* ModelActionAnswer.swift in Sources */,
				024B1F6B2319BC6700E3C527 /* Campainha+CoreDataClass.swift in Sources */,
				02B2F36223171FDD00140BE8 /* TextTableViewCell.swift in Sources */,
			);
			runOnlyForDeploymentPostprocessing = 0;
		};
/* End PBXSourcesBuildPhase section */

/* Begin PBXVariantGroup section */
		024B1F752319C37B00E3C527 /* Localizable.strings */ = {
			isa = PBXVariantGroup;
			children = (
				024B1F742319C37B00E3C527 /* en */,
			);
			name = Localizable.strings;
			sourceTree = "<group>";
		};
		02B2F3352316E9DE00140BE8 /* Main.storyboard */ = {
			isa = PBXVariantGroup;
			children = (
				02B2F3362316E9DE00140BE8 /* Base */,
			);
			name = Main.storyboard;
			sourceTree = "<group>";
		};
		02B2F33A2316E9E100140BE8 /* LaunchScreen.storyboard */ = {
			isa = PBXVariantGroup;
			children = (
				02B2F33B2316E9E100140BE8 /* Base */,
			);
			name = LaunchScreen.storyboard;
			sourceTree = "<group>";
		};
/* End PBXVariantGroup section */

/* Begin XCBuildConfiguration section */
		02B2F33E2316E9E100140BE8 /* Debug */ = {
			isa = XCBuildConfiguration;
			buildSettings = {
				ALWAYS_SEARCH_USER_PATHS = NO;
				CLANG_ANALYZER_NONNULL = YES;
				CLANG_ANALYZER_NUMBER_OBJECT_CONVERSION = YES_AGGRESSIVE;
				CLANG_CXX_LANGUAGE_STANDARD = "gnu++14";
				CLANG_CXX_LIBRARY = "libc++";
				CLANG_ENABLE_MODULES = YES;
				CLANG_ENABLE_OBJC_ARC = YES;
				CLANG_ENABLE_OBJC_WEAK = YES;
				CLANG_WARN_BLOCK_CAPTURE_AUTORELEASING = YES;
				CLANG_WARN_BOOL_CONVERSION = YES;
				CLANG_WARN_COMMA = YES;
				CLANG_WARN_CONSTANT_CONVERSION = YES;
				CLANG_WARN_DEPRECATED_OBJC_IMPLEMENTATIONS = YES;
				CLANG_WARN_DIRECT_OBJC_ISA_USAGE = YES_ERROR;
				CLANG_WARN_DOCUMENTATION_COMMENTS = YES;
				CLANG_WARN_EMPTY_BODY = YES;
				CLANG_WARN_ENUM_CONVERSION = YES;
				CLANG_WARN_INFINITE_RECURSION = YES;
				CLANG_WARN_INT_CONVERSION = YES;
				CLANG_WARN_NON_LITERAL_NULL_CONVERSION = YES;
				CLANG_WARN_OBJC_IMPLICIT_RETAIN_SELF = YES;
				CLANG_WARN_OBJC_LITERAL_CONVERSION = YES;
				CLANG_WARN_OBJC_ROOT_CLASS = YES_ERROR;
				CLANG_WARN_RANGE_LOOP_ANALYSIS = YES;
				CLANG_WARN_STRICT_PROTOTYPES = YES;
				CLANG_WARN_SUSPICIOUS_MOVE = YES;
				CLANG_WARN_UNGUARDED_AVAILABILITY = YES_AGGRESSIVE;
				CLANG_WARN_UNREACHABLE_CODE = YES;
				CLANG_WARN__DUPLICATE_METHOD_MATCH = YES;
				CODE_SIGN_IDENTITY = "iPhone Developer";
				COPY_PHASE_STRIP = NO;
				DEBUG_INFORMATION_FORMAT = dwarf;
				ENABLE_STRICT_OBJC_MSGSEND = YES;
				ENABLE_TESTABILITY = YES;
				GCC_C_LANGUAGE_STANDARD = gnu11;
				GCC_DYNAMIC_NO_PIC = NO;
				GCC_NO_COMMON_BLOCKS = YES;
				GCC_OPTIMIZATION_LEVEL = 0;
				GCC_PREPROCESSOR_DEFINITIONS = (
					"DEBUG=1",
					"$(inherited)",
				);
				GCC_WARN_64_TO_32_BIT_CONVERSION = YES;
				GCC_WARN_ABOUT_RETURN_TYPE = YES_ERROR;
				GCC_WARN_UNDECLARED_SELECTOR = YES;
				GCC_WARN_UNINITIALIZED_AUTOS = YES_AGGRESSIVE;
				GCC_WARN_UNUSED_FUNCTION = YES;
				GCC_WARN_UNUSED_VARIABLE = YES;
				IPHONEOS_DEPLOYMENT_TARGET = 12.4;
				MTL_ENABLE_DEBUG_INFO = INCLUDE_SOURCE;
				MTL_FAST_MATH = YES;
				ONLY_ACTIVE_ARCH = YES;
				SDKROOT = iphoneos;
				SWIFT_ACTIVE_COMPILATION_CONDITIONS = DEBUG;
				SWIFT_OPTIMIZATION_LEVEL = "-Onone";
			};
			name = Debug;
		};
		02B2F33F2316E9E100140BE8 /* Release */ = {
			isa = XCBuildConfiguration;
			buildSettings = {
				ALWAYS_SEARCH_USER_PATHS = NO;
				CLANG_ANALYZER_NONNULL = YES;
				CLANG_ANALYZER_NUMBER_OBJECT_CONVERSION = YES_AGGRESSIVE;
				CLANG_CXX_LANGUAGE_STANDARD = "gnu++14";
				CLANG_CXX_LIBRARY = "libc++";
				CLANG_ENABLE_MODULES = YES;
				CLANG_ENABLE_OBJC_ARC = YES;
				CLANG_ENABLE_OBJC_WEAK = YES;
				CLANG_WARN_BLOCK_CAPTURE_AUTORELEASING = YES;
				CLANG_WARN_BOOL_CONVERSION = YES;
				CLANG_WARN_COMMA = YES;
				CLANG_WARN_CONSTANT_CONVERSION = YES;
				CLANG_WARN_DEPRECATED_OBJC_IMPLEMENTATIONS = YES;
				CLANG_WARN_DIRECT_OBJC_ISA_USAGE = YES_ERROR;
				CLANG_WARN_DOCUMENTATION_COMMENTS = YES;
				CLANG_WARN_EMPTY_BODY = YES;
				CLANG_WARN_ENUM_CONVERSION = YES;
				CLANG_WARN_INFINITE_RECURSION = YES;
				CLANG_WARN_INT_CONVERSION = YES;
				CLANG_WARN_NON_LITERAL_NULL_CONVERSION = YES;
				CLANG_WARN_OBJC_IMPLICIT_RETAIN_SELF = YES;
				CLANG_WARN_OBJC_LITERAL_CONVERSION = YES;
				CLANG_WARN_OBJC_ROOT_CLASS = YES_ERROR;
				CLANG_WARN_RANGE_LOOP_ANALYSIS = YES;
				CLANG_WARN_STRICT_PROTOTYPES = YES;
				CLANG_WARN_SUSPICIOUS_MOVE = YES;
				CLANG_WARN_UNGUARDED_AVAILABILITY = YES_AGGRESSIVE;
				CLANG_WARN_UNREACHABLE_CODE = YES;
				CLANG_WARN__DUPLICATE_METHOD_MATCH = YES;
				CODE_SIGN_IDENTITY = "iPhone Developer";
				COPY_PHASE_STRIP = NO;
				DEBUG_INFORMATION_FORMAT = "dwarf-with-dsym";
				ENABLE_NS_ASSERTIONS = NO;
				ENABLE_STRICT_OBJC_MSGSEND = YES;
				GCC_C_LANGUAGE_STANDARD = gnu11;
				GCC_NO_COMMON_BLOCKS = YES;
				GCC_WARN_64_TO_32_BIT_CONVERSION = YES;
				GCC_WARN_ABOUT_RETURN_TYPE = YES_ERROR;
				GCC_WARN_UNDECLARED_SELECTOR = YES;
				GCC_WARN_UNINITIALIZED_AUTOS = YES_AGGRESSIVE;
				GCC_WARN_UNUSED_FUNCTION = YES;
				GCC_WARN_UNUSED_VARIABLE = YES;
				IPHONEOS_DEPLOYMENT_TARGET = 12.4;
				MTL_ENABLE_DEBUG_INFO = NO;
				MTL_FAST_MATH = YES;
				SDKROOT = iphoneos;
				SWIFT_COMPILATION_MODE = wholemodule;
				SWIFT_OPTIMIZATION_LEVEL = "-O";
				VALIDATE_PRODUCT = YES;
			};
			name = Release;
		};
		02B2F3412316E9E100140BE8 /* Debug */ = {
			isa = XCBuildConfiguration;
			buildSettings = {
				ASSETCATALOG_COMPILER_APPICON_NAME = AppIcon;
				CODE_SIGN_STYLE = Automatic;
				DEVELOPMENT_TEAM = BVZY57RJZG;
				INFOPLIST_FILE = Ping/Info.plist;
				LD_RUNPATH_SEARCH_PATHS = (
					"$(inherited)",
					"@executable_path/Frameworks",
				);
				PRODUCT_BUNDLE_IDENTIFIER = PGF.Ping;
				PRODUCT_NAME = "$(TARGET_NAME)";
				SWIFT_VERSION = 5.0;
				TARGETED_DEVICE_FAMILY = "1,2";
			};
			name = Debug;
		};
		02B2F3422316E9E100140BE8 /* Release */ = {
			isa = XCBuildConfiguration;
			buildSettings = {
				ASSETCATALOG_COMPILER_APPICON_NAME = AppIcon;
				CODE_SIGN_STYLE = Automatic;
				DEVELOPMENT_TEAM = BVZY57RJZG;
				INFOPLIST_FILE = Ping/Info.plist;
				LD_RUNPATH_SEARCH_PATHS = (
					"$(inherited)",
					"@executable_path/Frameworks",
				);
				PRODUCT_BUNDLE_IDENTIFIER = PGF.Ping;
				PRODUCT_NAME = "$(TARGET_NAME)";
				SWIFT_VERSION = 5.0;
				TARGETED_DEVICE_FAMILY = "1,2";
			};
			name = Release;
		};
/* End XCBuildConfiguration section */

/* Begin XCConfigurationList section */
		02B2F3292316E9DE00140BE8 /* Build configuration list for PBXProject "Ping" */ = {
			isa = XCConfigurationList;
			buildConfigurations = (
				02B2F33E2316E9E100140BE8 /* Debug */,
				02B2F33F2316E9E100140BE8 /* Release */,
			);
			defaultConfigurationIsVisible = 0;
			defaultConfigurationName = Release;
		};
		02B2F3402316E9E100140BE8 /* Build configuration list for PBXNativeTarget "Ping" */ = {
			isa = XCConfigurationList;
			buildConfigurations = (
				02B2F3412316E9E100140BE8 /* Debug */,
				02B2F3422316E9E100140BE8 /* Release */,
			);
			defaultConfigurationIsVisible = 0;
			defaultConfigurationName = Release;
		};
/* End XCConfigurationList section */

/* Begin XCVersionGroup section */
		024B1F642319BA2D00E3C527 /* Ping.xcdatamodeld */ = {
			isa = XCVersionGroup;
			children = (
				024B1F652319BA2D00E3C527 /* Ping.xcdatamodel */,
			);
			currentVersion = 024B1F652319BA2D00E3C527 /* Ping.xcdatamodel */;
			path = Ping.xcdatamodeld;
			sourceTree = "<group>";
			versionGroupType = wrapper.xcdatamodel;
		};
/* End XCVersionGroup section */
	};
	rootObject = 02B2F3262316E9DE00140BE8 /* Project object */;
}
